
Microsoft Visual Studio Solution File, Format Version 12.00
# Visual Studio 15
VisualStudioVersion = 15.0.27703.2035
MinimumVisualStudioVersion = 10.0.40219.1
Project("{8BC9CEB8-8B4A-11D0-8D11-00A0C91BC942}") = "BallV3", "BallV3\BallV3.vcxproj", "{E0A8D34C-0C09-4BEA-BE6B-CAAC02AE814B}"
EndProject
Global
	GlobalSection(SolutionConfigurationPlatforms) = preSolution
		Debug|x64 = Debug|x64
		Debug|x86 = Debug|x86
		Release|x64 = Release|x64
		Release|x86 = Release|x86
	EndGlobalSection
	GlobalSection(ProjectConfigurationPlatforms) = postSolution
		{E0A8D34C-0C09-4BEA-BE6B-CAAC02AE814B}.Debug|x64.ActiveCfg = Debug|x64
		{E0A8D34C-0C09-4BEA-BE6B-CAAC02AE814B}.Debug|x64.Build.0 = Debug|x64
		{E0A8D34C-0C09-4BEA-BE6B-CAAC02AE814B}.Debug|x86.ActiveCfg = Debug|Win32
		{E0A8D34C-0C09-4BEA-BE6B-CAAC02AE814B}.Debug|x86.Build.0 = Debug|Win32
		{E0A8D34C-0C09-4BEA-BE6B-CAAC02AE814B}.Release|x64.ActiveCfg = Release|x64
		{E0A8D34C-0C09-4BEA-BE6B-CAAC02AE814B}.Release|x64.Build.0 = Release|x64
		{E0A8D34C-0C09-4BEA-BE6B-CAAC02AE814B}.Release|x86.ActiveCfg = Release|Win32
		{E0A8D34C-0C09-4BEA-BE6B-CAAC02AE814B}.Release|x86.Build.0 = Release|Win32
	EndGlobalSection
	GlobalSection(SolutionProperties) = preSolution
		HideSolutionNode = FALSE
	EndGlobalSection
	GlobalSection(ExtensibilityGlobals) = postSolution
		SolutionGuid = {408C0586-B19E-4D55-A4A6-3212509BFD5D}
	EndGlobalSection
EndGlobal
